
Microsoft Visual Studio Solution File, Format Version 12.00
# Visual Studio 15
VisualStudioVersion = 15.0.28307.106
MinimumVisualStudioVersion = 10.0.40219.1
Project("{9A19103F-16F7-4668-BE54-9A1E7A4F7556}") = "Cave.Auth", "Cave.Auth\Cave.Auth.csproj", "{2741162E-082A-4824-99B1-DB970BBEBF0D}"
EndProject
Project("{2150E333-8FDC-42A3-9474-1A3956D46DE8}") = "Solution Items", "Solution Items", "{4FE41D13-EC9A-49FF-8F61-A4F6C064639D}"
	ProjectSection(SolutionItems) = preProject
		.gitignore = .gitignore
		LICENSE = LICENSE
		Rebracer.xml = Rebracer.xml
	EndProjectSection
EndProject
Global
	GlobalSection(SolutionConfigurationPlatforms) = preSolution
		Debug|Any CPU = Debug|Any CPU
		Release|Any CPU = Release|Any CPU
	EndGlobalSection
	GlobalSection(ProjectConfigurationPlatforms) = postSolution
		{2741162E-082A-4824-99B1-DB970BBEBF0D}.Debug|Any CPU.ActiveCfg = Debug|Any CPU
		{2741162E-082A-4824-99B1-DB970BBEBF0D}.Debug|Any CPU.Build.0 = Debug|Any CPU
		{2741162E-082A-4824-99B1-DB970BBEBF0D}.Release|Any CPU.ActiveCfg = Release|Any CPU
		{2741162E-082A-4824-99B1-DB970BBEBF0D}.Release|Any CPU.Build.0 = Release|Any CPU
	EndGlobalSection
	GlobalSection(SolutionProperties) = preSolution
		HideSolutionNode = FALSE
	EndGlobalSection
	GlobalSection(ExtensibilityGlobals) = postSolution
		SolutionGuid = {12C19189-8BD8-47E9-B4AD-502921ABEB97}
	EndGlobalSection
EndGlobal
